
Microsoft Visual Studio Solution File, Format Version 12.00
# Visual Studio 14
VisualStudioVersion = 14.0.25420.1
MinimumVisualStudioVersion = 10.0.40219.1
Project("{FAE04EC0-301F-11D3-BF4B-00C04F79EFBC}") = "HowToBecomeAKnightGame.CSharp.Plugins", "HowToBecomeAKnightGame.CSharp.Plugins.csproj", "{92C5F7F7-3D38-B112-672F-885D475859D0}"
EndProject
Project("{FAE04EC0-301F-11D3-BF4B-00C04F79EFBC}") = "HowToBecomeAKnightGame.CSharp", "HowToBecomeAKnightGame.CSharp.csproj", "{16AC09BC-8C2A-4C6E-62F7-D60D65308407}"
EndProject
Project("{FAE04EC0-301F-11D3-BF4B-00C04F79EFBC}") = "HowToBecomeAKnightGame.CSharp.Editor", "HowToBecomeAKnightGame.CSharp.Editor.csproj", "{2F741F31-C3CE-4ED6-AA0F-4AFFB6AF9F34}"
EndProject
Global
	GlobalSection(SolutionConfigurationPlatforms) = preSolution
		Debug|Any CPU = Debug|Any CPU
		Release|Any CPU = Release|Any CPU
	EndGlobalSection
	GlobalSection(ProjectConfigurationPlatforms) = postSolution
		{92C5F7F7-3D38-B112-672F-885D475859D0}.Debug|Any CPU.ActiveCfg = Debug|Any CPU
		{92C5F7F7-3D38-B112-672F-885D475859D0}.Debug|Any CPU.Build.0 = Debug|Any CPU
		{92C5F7F7-3D38-B112-672F-885D475859D0}.Release|Any CPU.ActiveCfg = Release|Any CPU
		{92C5F7F7-3D38-B112-672F-885D475859D0}.Release|Any CPU.Build.0 = Release|Any CPU
		{16AC09BC-8C2A-4C6E-62F7-D60D65308407}.Debug|Any CPU.ActiveCfg = Debug|Any CPU
		{16AC09BC-8C2A-4C6E-62F7-D60D65308407}.Debug|Any CPU.Build.0 = Debug|Any CPU
		{16AC09BC-8C2A-4C6E-62F7-D60D65308407}.Release|Any CPU.ActiveCfg = Release|Any CPU
		{16AC09BC-8C2A-4C6E-62F7-D60D65308407}.Release|Any CPU.Build.0 = Release|Any CPU
		{2F741F31-C3CE-4ED6-AA0F-4AFFB6AF9F34}.Debug|Any CPU.ActiveCfg = Debug|Any CPU
		{2F741F31-C3CE-4ED6-AA0F-4AFFB6AF9F34}.Debug|Any CPU.Build.0 = Debug|Any CPU
		{2F741F31-C3CE-4ED6-AA0F-4AFFB6AF9F34}.Release|Any CPU.ActiveCfg = Release|Any CPU
		{2F741F31-C3CE-4ED6-AA0F-4AFFB6AF9F34}.Release|Any CPU.Build.0 = Release|Any CPU
	EndGlobalSection
	GlobalSection(SolutionProperties) = preSolution
		HideSolutionNode = FALSE
	EndGlobalSection
EndGlobal
